
Microsoft Visual Studio Solution File, Format Version 12.00
# Visual Studio Version 16
VisualStudioVersion = 16.0.29403.142
MinimumVisualStudioVersion = 10.0.40219.1
Project("{FAE04EC0-301F-11D3-BF4B-00C04F79EFBC}") = "FlashCards.Android", "FlashCards.Android\FlashCards.Android.csproj", "{66DDF24C-0022-42C7-A32F-2DBA6FA418CC}"
EndProject
Project("{FAE04EC0-301F-11D3-BF4B-00C04F79EFBC}") = "FlashCards.iOS", "FlashCards.iOS\FlashCards.iOS.csproj", "{6314F50E-6E40-4DE9-8C39-B3053EECAB85}"
EndProject
Project("{2150E333-8FDC-42A3-9474-1A3956D46DE8}") = "Solution Items", "Solution Items", "{3B099000-B44C-40CF-BB73-FBE1C6FF6944}"
	ProjectSection(SolutionItems) = preProject
		buildNugetPackages.ps1 = buildNugetPackages.ps1
		FlashCards.nuspec = FlashCards.nuspec
	EndProjectSection
EndProject
Project("{D954291E-2A0B-460D-934E-DC6B0785DB48}") = "FlashCards.SharedProject", "FlashCards.SharedProject\FlashCards.SharedProject.shproj", "{B33B759D-65B2-4571-B53A-6D91E8075570}"
EndProject
Project("{FAE04EC0-301F-11D3-BF4B-00C04F79EFBC}") = "FlashCards.WindowsDX", "FlashCards.WindowsDX\FlashCards.WindowsDX.csproj", "{54D68257-6F4B-4919-A33B-BBFDD01D8D0E}"
EndProject
Global
	GlobalSection(SharedMSBuildProjectFiles) = preSolution
		FlashCards.SharedProject\FlashCards.SharedProject.projitems*{54d68257-6f4b-4919-a33b-bbfdd01d8d0e}*SharedItemsImports = 4
		FlashCards.SharedProject\FlashCards.SharedProject.projitems*{6314f50e-6e40-4de9-8c39-b3053eecab85}*SharedItemsImports = 4
		FlashCards.SharedProject\FlashCards.SharedProject.projitems*{66ddf24c-0022-42c7-a32f-2dba6fa418cc}*SharedItemsImports = 4
		FlashCards.SharedProject\FlashCards.SharedProject.projitems*{b33b759d-65b2-4571-b53a-6d91e8075570}*SharedItemsImports = 13
	EndGlobalSection
	GlobalSection(SolutionConfigurationPlatforms) = preSolution
		AppStore|Any CPU = AppStore|Any CPU
		AppStore|ARM = AppStore|ARM
		AppStore|x64 = AppStore|x64
		AppStore|x86 = AppStore|x86
		Debug|Any CPU = Debug|Any CPU
		Debug|ARM = Debug|ARM
		Debug|x64 = Debug|x64
		Debug|x86 = Debug|x86
		Release|Any CPU = Release|Any CPU
		Release|ARM = Release|ARM
		Release|x64 = Release|x64
		Release|x86 = Release|x86
	EndGlobalSection
	GlobalSection(ProjectConfigurationPlatforms) = postSolution
		{66DDF24C-0022-42C7-A32F-2DBA6FA418CC}.AppStore|Any CPU.ActiveCfg = Release|Any CPU
		{66DDF24C-0022-42C7-A32F-2DBA6FA418CC}.AppStore|Any CPU.Build.0 = Release|Any CPU
		{66DDF24C-0022-42C7-A32F-2DBA6FA418CC}.AppStore|ARM.ActiveCfg = Release|Any CPU
		{66DDF24C-0022-42C7-A32F-2DBA6FA418CC}.AppStore|ARM.Build.0 = Release|Any CPU
		{66DDF24C-0022-42C7-A32F-2DBA6FA418CC}.AppStore|x64.ActiveCfg = Release|Any CPU
		{66DDF24C-0022-42C7-A32F-2DBA6FA418CC}.AppStore|x64.Build.0 = Release|Any CPU
		{66DDF24C-0022-42C7-A32F-2DBA6FA418CC}.AppStore|x86.ActiveCfg = Release|Any CPU
		{66DDF24C-0022-42C7-A32F-2DBA6FA418CC}.AppStore|x86.Build.0 = Release|Any CPU
		{66DDF24C-0022-42C7-A32F-2DBA6FA418CC}.Debug|Any CPU.ActiveCfg = Debug|Any CPU
		{66DDF24C-0022-42C7-A32F-2DBA6FA418CC}.Debug|Any CPU.Build.0 = Debug|Any CPU
		{66DDF24C-0022-42C7-A32F-2DBA6FA418CC}.Debug|ARM.ActiveCfg = Debug|Any CPU
		{66DDF24C-0022-42C7-A32F-2DBA6FA418CC}.Debug|ARM.Build.0 = Debug|Any CPU
		{66DDF24C-0022-42C7-A32F-2DBA6FA418CC}.Debug|x64.ActiveCfg = Debug|Any CPU
		{66DDF24C-0022-42C7-A32F-2DBA6FA418CC}.Debug|x64.Build.0 = Debug|Any CPU
		{66DDF24C-0022-42C7-A32F-2DBA6FA418CC}.Debug|x86.ActiveCfg = Debug|Any CPU
		{66DDF24C-0022-42C7-A32F-2DBA6FA418CC}.Debug|x86.Build.0 = Debug|Any CPU
		{66DDF24C-0022-42C7-A32F-2DBA6FA418CC}.Release|Any CPU.ActiveCfg = Release|Any CPU
		{66DDF24C-0022-42C7-A32F-2DBA6FA418CC}.Release|Any CPU.Build.0 = Release|Any CPU
		{66DDF24C-0022-42C7-A32F-2DBA6FA418CC}.Release|ARM.ActiveCfg = Release|Any CPU
		{66DDF24C-0022-42C7-A32F-2DBA6FA418CC}.Release|ARM.Build.0 = Release|Any CPU
		{66DDF24C-0022-42C7-A32F-2DBA6FA418CC}.Release|x64.ActiveCfg = Release|Any CPU
		{66DDF24C-0022-42C7-A32F-2DBA6FA418CC}.Release|x64.Build.0 = Release|Any CPU
		{66DDF24C-0022-42C7-A32F-2DBA6FA418CC}.Release|x86.ActiveCfg = Release|Any CPU
		{66DDF24C-0022-42C7-A32F-2DBA6FA418CC}.Release|x86.Build.0 = Release|Any CPU
		{6314F50E-6E40-4DE9-8C39-B3053EECAB85}.AppStore|Any CPU.ActiveCfg = Release|Any CPU
		{6314F50E-6E40-4DE9-8C39-B3053EECAB85}.AppStore|Any CPU.Build.0 = Release|Any CPU
		{6314F50E-6E40-4DE9-8C39-B3053EECAB85}.AppStore|ARM.ActiveCfg = Release|Any CPU
		{6314F50E-6E40-4DE9-8C39-B3053EECAB85}.AppStore|ARM.Build.0 = Release|Any CPU
		{6314F50E-6E40-4DE9-8C39-B3053EECAB85}.AppStore|x64.ActiveCfg = Release|Any CPU
		{6314F50E-6E40-4DE9-8C39-B3053EECAB85}.AppStore|x64.Build.0 = Release|Any CPU
		{6314F50E-6E40-4DE9-8C39-B3053EECAB85}.AppStore|x86.ActiveCfg = Release|Any CPU
		{6314F50E-6E40-4DE9-8C39-B3053EECAB85}.AppStore|x86.Build.0 = Release|Any CPU
		{6314F50E-6E40-4DE9-8C39-B3053EECAB85}.Debug|Any CPU.ActiveCfg = Debug|Any CPU
		{6314F50E-6E40-4DE9-8C39-B3053EECAB85}.Debug|Any CPU.Build.0 = Debug|Any CPU
		{6314F50E-6E40-4DE9-8C39-B3053EECAB85}.Debug|ARM.ActiveCfg = Debug|Any CPU
		{6314F50E-6E40-4DE9-8C39-B3053EECAB85}.Debug|ARM.Build.0 = Debug|Any CPU
		{6314F50E-6E40-4DE9-8C39-B3053EECAB85}.Debug|x64.ActiveCfg = Debug|Any CPU
		{6314F50E-6E40-4DE9-8C39-B3053EECAB85}.Debug|x64.Build.0 = Debug|Any CPU
		{6314F50E-6E40-4DE9-8C39-B3053EECAB85}.Debug|x86.ActiveCfg = Debug|Any CPU
		{6314F50E-6E40-4DE9-8C39-B3053EECAB85}.Debug|x86.Build.0 = Debug|Any CPU
		{6314F50E-6E40-4DE9-8C39-B3053EECAB85}.Release|Any CPU.ActiveCfg = Release|Any CPU
		{6314F50E-6E40-4DE9-8C39-B3053EECAB85}.Release|Any CPU.Build.0 = Release|Any CPU
		{6314F50E-6E40-4DE9-8C39-B3053EECAB85}.Release|ARM.ActiveCfg = Release|Any CPU
		{6314F50E-6E40-4DE9-8C39-B3053EECAB85}.Release|ARM.Build.0 = Release|Any CPU
		{6314F50E-6E40-4DE9-8C39-B3053EECAB85}.Release|x64.ActiveCfg = Release|Any CPU
		{6314F50E-6E40-4DE9-8C39-B3053EECAB85}.Release|x64.Build.0 = Release|Any CPU
		{6314F50E-6E40-4DE9-8C39-B3053EECAB85}.Release|x86.ActiveCfg = Release|Any CPU
		{6314F50E-6E40-4DE9-8C39-B3053EECAB85}.Release|x86.Build.0 = Release|Any CPU
		{54D68257-6F4B-4919-A33B-BBFDD01D8D0E}.AppStore|Any CPU.ActiveCfg = Release|Any CPU
		{54D68257-6F4B-4919-A33B-BBFDD01D8D0E}.AppStore|Any CPU.Build.0 = Release|Any CPU
		{54D68257-6F4B-4919-A33B-BBFDD01D8D0E}.AppStore|ARM.ActiveCfg = Release|Any CPU
		{54D68257-6F4B-4919-A33B-BBFDD01D8D0E}.AppStore|ARM.Build.0 = Release|Any CPU
		{54D68257-6F4B-4919-A33B-BBFDD01D8D0E}.AppStore|x64.ActiveCfg = Release|Any CPU
		{54D68257-6F4B-4919-A33B-BBFDD01D8D0E}.AppStore|x64.Build.0 = Release|Any CPU
		{54D68257-6F4B-4919-A33B-BBFDD01D8D0E}.AppStore|x86.ActiveCfg = Release|Any CPU
		{54D68257-6F4B-4919-A33B-BBFDD01D8D0E}.AppStore|x86.Build.0 = Release|Any CPU
		{54D68257-6F4B-4919-A33B-BBFDD01D8D0E}.Debug|Any CPU.ActiveCfg = Debug|Any CPU
		{54D68257-6F4B-4919-A33B-BBFDD01D8D0E}.Debug|Any CPU.Build.0 = Debug|Any CPU
		{54D68257-6F4B-4919-A33B-BBFDD01D8D0E}.Debug|ARM.ActiveCfg = Debug|Any CPU
		{54D68257-6F4B-4919-A33B-BBFDD01D8D0E}.Debug|ARM.Build.0 = Debug|Any CPU
		{54D68257-6F4B-4919-A33B-BBFDD01D8D0E}.Debug|x64.ActiveCfg = Debug|Any CPU
		{54D68257-6F4B-4919-A33B-BBFDD01D8D0E}.Debug|x64.Build.0 = Debug|Any CPU
		{54D68257-6F4B-4919-A33B-BBFDD01D8D0E}.Debug|x86.ActiveCfg = Debug|Any CPU
		{54D68257-6F4B-4919-A33B-BBFDD01D8D0E}.Debug|x86.Build.0 = Debug|Any CPU
		{54D68257-6F4B-4919-A33B-BBFDD01D8D0E}.Release|Any CPU.ActiveCfg = Release|Any CPU
		{54D68257-6F4B-4919-A33B-BBFDD01D8D0E}.Release|Any CPU.Build.0 = Release|Any CPU
		{54D68257-6F4B-4919-A33B-BBFDD01D8D0E}.Release|ARM.ActiveCfg = Release|Any CPU
		{54D68257-6F4B-4919-A33B-BBFDD01D8D0E}.Release|ARM.Build.0 = Release|Any CPU
		{54D68257-6F4B-4919-A33B-BBFDD01D8D0E}.Release|x64.ActiveCfg = Release|Any CPU
		{54D68257-6F4B-4919-A33B-BBFDD01D8D0E}.Release|x64.Build.0 = Release|Any CPU
		{54D68257-6F4B-4919-A33B-BBFDD01D8D0E}.Release|x86.ActiveCfg = Release|Any CPU
		{54D68257-6F4B-4919-A33B-BBFDD01D8D0E}.Release|x86.Build.0 = Release|Any CPU
	EndGlobalSection
	GlobalSection(SolutionProperties) = preSolution
		HideSolutionNode = FALSE
	EndGlobalSection
	GlobalSection(ExtensibilityGlobals) = postSolution
		SolutionGuid = {E27BCEF4-1C5C-4B2D-8604-7FD791BBCE65}
	EndGlobalSection
EndGlobal
